{
  "version": 1,
  "dependencies": {
    "net8.0": {
      "AspNetCore.Authentication.ApiKey": {
        "type": "Direct",
        "requested": "[8.0.1, )",
        "resolved": "8.0.1",
        "contentHash": "u/WTgciHLgthMdBnOUsijh9HGxMW/6rLcEU/9DEAoS3L9DtqA8PVwmkD+XuZFVd8q3QkJapDaEkXe6fxHR6fcw=="
      },
      "Duende.AccessTokenManagement": {
        "type": "Direct",
        "requested": "[3.0.1, )",
        "resolved": "3.0.1",
        "contentHash": "/9NfE/l6+wQIv4c2kOwQ35fxb2I8BEsdYUNWhuUrsliNhXiKiJ+fLKVUrqrbyab++wiaDxtz6KS/4R3a+DSIvw==",
        "dependencies": {
          "IdentityModel": "7.0.0",
          "Microsoft.Extensions.Caching.Abstractions": "8.0.0",
          "Microsoft.Extensions.DependencyInjection.Abstractions": "8.0.0",
          "Microsoft.Extensions.Http": "8.0.0",
          "Microsoft.Extensions.Logging.Abstractions": "8.0.0",
          "Microsoft.Extensions.Options": "8.0.0",
          "System.IdentityModel.Tokens.Jwt": "7.1.2"
        }
      },
      "Ensure.That": {
        "type": "Direct",
        "requested": "[10.1.0, )",
        "resolved": "10.1.0",
        "contentHash": "rzTMSs0lQnu0WsesvTjs/zDzqiZXb9r5dv+wFQcPg/iIZqXb5BzwpIWEwi8Q3HA0TS4ytRcY129aSek6IzuOmA=="
      },
      "FhirParametersGenerator": {
        "type": "Direct",
        "requested": "[0.5.0, )",
        "resolved": "0.5.0",
        "contentHash": "+UKji9iH2WgPBIGloAyxqCIP0VduvgXbny+0CppZKBSgjOmJMnKFLomlfrjnFqeTO5u5xzoyWvPQzxrXtl3nKA=="
      },
      "Google.Protobuf": {
        "type": "Direct",
        "requested": "[3.28.3, )",
        "resolved": "3.28.3",
        "contentHash": "OewySX3aQCdKfMJsj2DzBMXQJPI+lm0CBzamU9ViFu3CU9tXYrQWqJ1CZ+/UWtkwOjUeIzbXmoOjRc7B8pbMrA=="
      },
      "Grpc.Net.Client": {
        "type": "Direct",
        "requested": "[2.66.0, )",
        "resolved": "2.66.0",
        "contentHash": "GwkSsssXFgN9+M2U+UQWdErf61sn1iqgP+2NRBlDXATcP9vlxda0wySxd/eIL8U522+SnyFNUXlvQ5tAzGk9cA==",
        "dependencies": {
          "Grpc.Net.Common": "2.66.0",
          "Microsoft.Extensions.Logging.Abstractions": "6.0.0"
        }
      },
      "Grpc.Net.ClientFactory": {
        "type": "Direct",
        "requested": "[2.66.0, )",
        "resolved": "2.66.0",
        "contentHash": "I6HUbtcqb24OiQlbvxpBLruCxQ8wrmJ5tUtU96QK7nqyerrMLeqLDDbhotznPAnZtR8x1bJvck/Xt4fgvVo92Q==",
        "dependencies": {
          "Grpc.Net.Client": "2.66.0",
          "Microsoft.Extensions.Http": "6.0.0"
        }
      },
      "Grpc.Tools": {
        "type": "Direct",
        "requested": "[2.67.0, )",
        "resolved": "2.67.0",
        "contentHash": "AQwGGe1dhCWlO72dTW4XtZBsvE9+mHt5rUpVOPjX9Q6sYZZ0GFyqs+7DjFeulaHKjsOg7Wteob1oq7a++SJWgA=="
      },
      "Hl7.Fhir.Base": {
        "type": "Direct",
        "requested": "[5.11.0, )",
        "resolved": "5.11.0",
        "contentHash": "LxPB+K7UT2jfGckOtKvKb3nmNXrXKAofSkB1sPC+OcAwkaNelnxv2GNEnYHhWHuX88zjHOqH/yqQACoyzj5nwQ==",
        "dependencies": {
          "Fhir.Metrics": "1.3.0",
          "Newtonsoft.Json": "13.0.3",
          "System.ComponentModel.Annotations": "5.0.0",
          "System.Reflection.Emit.Lightweight": "4.7.0"
        }
      },
      "Hl7.Fhir.R4": {
        "type": "Direct",
        "requested": "[5.11.0, )",
        "resolved": "5.11.0",
        "contentHash": "KBDULQZARiYOyewonZX/5oJoGUcw7bkkWdRPhp63b3EH/Yr+RpZ/UnO6yZpx0s+YLU5buo/r1XjmKuyc81XIpw==",
        "dependencies": {
          "Hl7.Fhir.Conformance": "5.11.0"
        }
      },
      "MathNet.Numerics": {
        "type": "Direct",
        "requested": "[5.0.0, )",
        "resolved": "5.0.0",
        "contentHash": "pg1W2VwaEQMAiTpGK840hZgzavnqjlCMTVSbtVCXVyT+7AX4mc1o89SPv4TBlAjhgCOo9c1Y+jZ5m3ti2YgGgA=="
      },
      "Microsoft.Extensions.Http.Polly": {
        "type": "Direct",
        "requested": "[8.0.11, )",
        "resolved": "8.0.11",
        "contentHash": "4KP2hYtniRB6QDGsEbByEmM1dp1Og0iz3yxeZFJzSQDaCGwM2HpGZAEUptfxQVIj3SFt+x8u8rcO+0HIvsOJvA==",
        "dependencies": {
          "Microsoft.Extensions.Http": "8.0.1",
          "Polly": "7.2.4",
          "Polly.Extensions.Http": "3.0.0"
        }
      },
      "Newtonsoft.Json": {
        "type": "Direct",
        "requested": "[13.0.3, )",
        "resolved": "13.0.3",
        "contentHash": "HrC5BXdl00IP9zeV+0Z848QWPAoCr9P3bDEZguI+gkLcBKAOxix/tLEAAHC+UvDNPv4a2d18lOReHMOagPa+zQ=="
      },
      "OpenTelemetry": {
        "type": "Direct",
        "requested": "[1.10.0, )",
        "resolved": "1.10.0",
        "contentHash": "YUWnKsu0qsD7SO45r6a6nm6dAB3kVZ4Qf5DClU9xG+ObKV2beg0VJwX3U85pAaEhE/IBFp1C8Fj7L3F6gNjpeg==",
        "dependencies": {
          "Microsoft.Extensions.Diagnostics.Abstractions": "9.0.0",
          "Microsoft.Extensions.Logging.Configuration": "9.0.0",
          "OpenTelemetry.Api.ProviderBuilderExtensions": "1.10.0"
        }
      },
      "OpenTelemetry.Exporter.Jaeger": {
        "type": "Direct",
        "requested": "[1.5.1, )",
        "resolved": "1.5.1",
        "contentHash": "gBDpVDSqyTgsiPdMeHWjwlJnQAcVaF4BH0fnTwZScSjFqSHEuwmvRbOzvn44tGbVttOA1qpqPPid+OyrszMRXQ==",
        "dependencies": {
          "OpenTelemetry": "1.5.1",
          "System.Threading.Tasks.Extensions": "4.5.4"
        }
      },
      "OpenTelemetry.Exporter.OpenTelemetryProtocol": {
        "type": "Direct",
        "requested": "[1.10.0, )",
        "resolved": "1.10.0",
        "contentHash": "kdSehZAg5Q1CJPoOFPmq4eLSsWOn/ETtP4hsGum6ymM3FgIhklXZEXB61u8WaVdJNkk050CGUgQjGRGCt5UEqQ==",
        "dependencies": {
          "Google.Protobuf": "[3.22.5, 4.0.0)",
          "Grpc.Net.Client": "[2.52.0, 3.0.0)",
          "OpenTelemetry": "1.10.0"
        }
      },
      "OpenTelemetry.Extensions.Hosting": {
        "type": "Direct",
        "requested": "[1.10.0, )",
        "resolved": "1.10.0",
        "contentHash": "luLe3deRmThvJd8+Oav4ohg+S3DoXnxDx06+GBinAgmVi873C9YPzA0dJlXG1Zeh7uFajzMtLhskaDejQYCFWw==",
        "dependencies": {
          "Microsoft.Extensions.Hosting.Abstractions": "9.0.0",
          "OpenTelemetry": "1.10.0"
        }
      },
      "OpenTelemetry.Instrumentation.AspNetCore": {
        "type": "Direct",
        "requested": "[1.9.0, )",
        "resolved": "1.9.0",
        "contentHash": "x4HuWBw1rbWZUh5j8/GpXz3xa7JnrTuKne+ACmBqvcoO/rNGkG7HayRruwoQ7gf52xpMtRGr4gxlhLW8eU0EiQ==",
        "dependencies": {
          "OpenTelemetry.Api.ProviderBuilderExtensions": "[1.9.0, 2.0.0)"
        }
      },
      "OpenTelemetry.Instrumentation.GrpcNetClient": {
        "type": "Direct",
        "requested": "[1.8.0-beta.1, )",
        "resolved": "1.8.0-beta.1",
        "contentHash": "6vyT7uAWDR1TlE9+6TnsXuSd33NzotpfRbs8Hw0s7JNB+lmn3IqBBAKrnHB/MSyjX6cxdb6rvvthVBtXJy7MyQ==",
        "dependencies": {
          "OpenTelemetry": "1.8.0"
        }
      },
      "OpenTelemetry.Instrumentation.Http": {
        "type": "Direct",
        "requested": "[1.9.0, )",
        "resolved": "1.9.0",
        "contentHash": "+ZXppf8Qxz3OdC803T8fB6i8iSscc8PsxMnM/JizSOYmkz+8vGiScEiaBBBFNZtMh2KpA0q+qxwnSwQUkbvzog==",
        "dependencies": {
          "Microsoft.Extensions.Configuration": "8.0.0",
          "Microsoft.Extensions.Options": "8.0.0",
          "OpenTelemetry.Api.ProviderBuilderExtensions": "[1.9.0, 2.0.0)"
        }
      },
      "prometheus-net": {
        "type": "Direct",
        "requested": "[8.2.1, )",
        "resolved": "8.2.1",
        "contentHash": "3wVgdEPOCBF752s2xps5T+VH+c9mJK8S8GKEDg49084P6JZMumTZI5Te6aJ9MQpX0sx7om6JOnBpIi7ZBmmiDQ==",
        "dependencies": {
          "Microsoft.Extensions.Http": "3.1.0",
          "Microsoft.Extensions.ObjectPool": "7.0.0"
        }
      },
      "prometheus-net.AspNetCore": {
        "type": "Direct",
        "requested": "[8.2.1, )",
        "resolved": "8.2.1",
        "contentHash": "/4TfTvbwIDqpaKTiWvEsjUywiHYF9zZvGZF5sK15avoDsUO/WPQbKsF8TiMaesuphdFQPK2z52P0zk6j26V0rQ==",
        "dependencies": {
          "prometheus-net": "8.2.1"
        }
      },
      "prometheus-net.AspNetCore.Grpc": {
        "type": "Direct",
        "requested": "[8.2.1, )",
        "resolved": "8.2.1",
        "contentHash": "zd2npweTzIb7u9k9uaTIz3is+m6L36Dlegwt5P/RQvDaKLCZhm0fvWz3PxiLKriIdWOuAesujnMBu77aTet29Q==",
        "dependencies": {
          "Grpc.AspNetCore.Server": "2.48.0",
          "prometheus-net.AspNetCore": "8.2.1"
        }
      },
      "prometheus-net.AspNetCore.HealthChecks": {
        "type": "Direct",
        "requested": "[8.2.1, )",
        "resolved": "8.2.1",
        "contentHash": "aKeCH7Wc6FayXPZHyxolifmH/JaH7eyRpMhge3hzdfi4JMHlTPdhDFKDizGvwOd5RL7rhEmUWfhiWAT1j6GYXg==",
        "dependencies": {
          "Microsoft.Extensions.Diagnostics.HealthChecks": "6.0.9",
          "prometheus-net.AspNetCore": "8.2.1"
        }
      },
      "Semver": {
        "type": "Direct",
        "requested": "[3.0.0, )",
        "resolved": "3.0.0",
        "contentHash": "9jZCicsVgTebqkAujRWtC9J1A5EQVlu0TVKHcgoCuv345ve5DYf4D1MjhKEnQjdRZo6x/vdv6QQrYFs7ilGzLA==",
        "dependencies": {
          "Microsoft.Extensions.Primitives": "5.0.1"
        }
      },
      "Swashbuckle.AspNetCore": {
        "type": "Direct",
        "requested": "[7.0.0, )",
        "resolved": "7.0.0",
        "contentHash": "aF6oCgMy8CC17cSbILAw9J4UVhqOE+0Z11V8JstA+pIrXcY8ZbNL3ayHOWKZm0NdHMS6RI1k5sFVfMkpZOobvw==",
        "dependencies": {
          "Microsoft.Extensions.ApiDescription.Server": "6.0.5",
          "Swashbuckle.AspNetCore.Swagger": "7.0.0",
          "Swashbuckle.AspNetCore.SwaggerGen": "7.0.0",
          "Swashbuckle.AspNetCore.SwaggerUI": "7.0.0"
        }
      },
      "YamlDotNet": {
        "type": "Direct",
        "requested": "[16.2.0, )",
        "resolved": "16.2.0",
        "contentHash": "iKVYog7JNiFOTr4gMHSjCqrGFD2NyABUHgSkRq9XR8A2+fsWepSWTpjHAOnKo1LVAHjy33o6I0u6lo5Ng0NtAw=="
      },
      "Fhir.Metrics": {
        "type": "Transitive",
        "resolved": "1.3.0",
        "contentHash": "h4Krc9jt1sY7KIgijwAGkrsPRXa/EHjpL/Gx7sAbjprM6duxtKFI85jzRsHHDqzkWNa7JU14/DELV/vIPp5RqA=="
      },
      "Grpc.AspNetCore.Server": {
        "type": "Transitive",
        "resolved": "2.48.0",
        "contentHash": "7GaNW8YnE5t+BpU75PsHgAJuy5Fp5ZMvLDSBdjUR4zUi27FwnVxiOhACyayprdCNNOwitbxUIc3iB5A7yn/QvQ==",
        "dependencies": {
          "Grpc.Net.Common": "2.48.0"
        }
      },
      "Grpc.Core.Api": {
        "type": "Transitive",
        "resolved": "2.66.0",
        "contentHash": "HsjsQVAHe4hqP4t4rpUnmq+MZvPdyrlPsWF4T5fbMvyP3o/lMV+KVJfDlaNH8+v0aGQTVT3EsDFufbhaWb52cw=="
      },
      "Grpc.Net.Common": {
        "type": "Transitive",
        "resolved": "2.66.0",
        "contentHash": "YJpQpIvpo0HKlsG6SHwaieyji08qfv0DdEDIewCAA0egQY08637sHOj1netLGUhzBEsCqlGC3e92TZ2uqhxnvw==",
        "dependencies": {
          "Grpc.Core.Api": "2.66.0"
        }
      },
      "Hl7.Fhir.Conformance": {
        "type": "Transitive",
        "resolved": "5.11.0",
        "contentHash": "OJSpL+/1qIlBKAMPJm26pXT6SDeHRAkMhXgVEWHMVsHRMR9e/fdt3VyNZy0vh2kwbZhWB/e42zYROw3DMGccuA==",
        "dependencies": {
          "Hl7.Fhir.Base": "5.11.0"
        }
      },
      "IdentityModel": {
        "type": "Transitive",
        "resolved": "7.0.0",
        "contentHash": "to99aLL5Gev1GOb2gUao/UZXT/uXMyjEmHPNrf/vJI2HBD1LMCTeC4SBCe/cqMIB12V9v+eSieq7ff0lju9pOQ=="
      },
      "Microsoft.Extensions.ApiDescription.Server": {
        "type": "Transitive",
        "resolved": "6.0.5",
        "contentHash": "Ckb5EDBUNJdFWyajfXzUIMRkhf52fHZOQuuZg/oiu8y7zDCVwD0iHhew6MnThjHmevanpxL3f5ci2TtHQEN6bw=="
      },
      "Microsoft.Extensions.Caching.Abstractions": {
        "type": "Transitive",
        "resolved": "8.0.0",
        "contentHash": "3KuSxeHoNYdxVYfg2IRZCThcrlJ1XJqIXkAWikCsbm5C/bCjv7G0WoKDyuR98Q+T607QT2Zl5GsbGRkENcV2yQ==",
        "dependencies": {
          "Microsoft.Extensions.Primitives": "8.0.0"
        }
      },
      "Microsoft.Extensions.Configuration": {
        "type": "Transitive",
        "resolved": "9.0.0",
        "contentHash": "YIMO9T3JL8MeEXgVozKt2v79hquo/EFtnY0vgxmLnUvk1Rei/halI7kOWZL2RBeV9FMGzgM9LZA8CVaNwFMaNA==",
        "dependencies": {
          "Microsoft.Extensions.Configuration.Abstractions": "9.0.0",
          "Microsoft.Extensions.Primitives": "9.0.0"
        }
      },
      "Microsoft.Extensions.Configuration.Abstractions": {
        "type": "Transitive",
        "resolved": "9.0.0",
        "contentHash": "lqvd7W3FGKUO1+ZoUEMaZ5XDJeWvjpy2/M/ptCGz3tXLD4HWVaSzjufsAsjemasBEg+2SxXVtYVvGt5r2nKDlg==",
        "dependencies": {
          "Microsoft.Extensions.Primitives": "9.0.0"
        }
      },
      "Microsoft.Extensions.Configuration.Binder": {
        "type": "Transitive",
        "resolved": "9.0.0",
        "contentHash": "RiScL99DcyngY9zJA2ROrri7Br8tn5N4hP4YNvGdTN/bvg1A3dwvDOxHnNZ3Im7x2SJ5i4LkX1uPiR/MfSFBLQ==",
        "dependencies": {
          "Microsoft.Extensions.Configuration.Abstractions": "9.0.0"
        }
      },
      "Microsoft.Extensions.DependencyInjection": {
        "type": "Transitive",
        "resolved": "9.0.0",
        "contentHash": "MCPrg7v3QgNMr0vX4vzRXvkNGgLg8vKWX0nKCWUxu2uPyMsaRgiRc1tHBnbTcfJMhMKj2slE/j2M9oGkd25DNw==",
        "dependencies": {
          "Microsoft.Extensions.DependencyInjection.Abstractions": "9.0.0"
        }
      },
      "Microsoft.Extensions.DependencyInjection.Abstractions": {
        "type": "Transitive",
        "resolved": "9.0.0",
        "contentHash": "+6f2qv2a3dLwd5w6JanPIPs47CxRbnk+ZocMJUhv9NxP88VlOcJYZs9jY+MYSjxvady08bUZn6qgiNh7DadGgg=="
      },
      "Microsoft.Extensions.Diagnostics": {
        "type": "Transitive",
        "resolved": "8.0.1",
        "contentHash": "doVPCUUCY7c6LhBsEfiy3W1bvS7Mi6LkfQMS8nlC22jZWNxBv8VO8bdfeyvpYFst6Kxqk7HBC6lytmEoBssvSQ==",
        "dependencies": {
          "Microsoft.Extensions.Configuration": "8.0.0",
          "Microsoft.Extensions.Diagnostics.Abstractions": "8.0.1",
          "Microsoft.Extensions.Options.ConfigurationExtensions": "8.0.0"
        }
      },
      "Microsoft.Extensions.Diagnostics.Abstractions": {
        "type": "Transitive",
        "resolved": "9.0.0",
        "contentHash": "1K8P7XzuzX8W8pmXcZjcrqS6x5eSSdvhQohmcpgiQNY/HlDAlnrhR9dvlURfFz428A+RTCJpUyB+aKTA6AgVcQ==",
        "dependencies": {
          "Microsoft.Extensions.DependencyInjection.Abstractions": "9.0.0",
          "Microsoft.Extensions.Options": "9.0.0",
          "System.Diagnostics.DiagnosticSource": "9.0.0"
        }
      },
      "Microsoft.Extensions.Diagnostics.HealthChecks": {
        "type": "Transitive",
        "resolved": "6.0.9",
        "contentHash": "w0HBZwdPOtZzZGVpCsIQaF0mg2fEC8GnBgiTOUwsJ9m3SvhdnwSgP7PST2npgzyPRs0qg66mpPr8gQuFyz2IGA==",
        "dependencies": {
          "Microsoft.Extensions.Diagnostics.HealthChecks.Abstractions": "6.0.9",
          "Microsoft.Extensions.Hosting.Abstractions": "6.0.0",
          "Microsoft.Extensions.Logging.Abstractions": "6.0.2",
          "Microsoft.Extensions.Options": "6.0.0"
        }
      },
      "Microsoft.Extensions.Diagnostics.HealthChecks.Abstractions": {
        "type": "Transitive",
        "resolved": "6.0.9",
        "contentHash": "NGUQDA/+EluVHe7ArpDDfG/JCkEfax1vGST28+ALh4TsmbJAuPeB22TMikkMpvEOZhfVZdzr0S64mrBmDrKl2A=="
      },
      "Microsoft.Extensions.FileProviders.Abstractions": {
        "type": "Transitive",
        "resolved": "9.0.0",
        "contentHash": "uK439QzYR0q2emLVtYzwyK3x+T5bTY4yWsd/k/ZUS9LR6Sflp8MIdhGXW8kQCd86dQD4tLqvcbLkku8qHY263Q==",
        "dependencies": {
          "Microsoft.Extensions.Primitives": "9.0.0"
        }
      },
      "Microsoft.Extensions.Hosting.Abstractions": {
        "type": "Transitive",
        "resolved": "9.0.0",
        "contentHash": "yUKJgu81ExjvqbNWqZKshBbLntZMbMVz/P7Way2SBx7bMqA08Mfdc9O7hWDKAiSp+zPUGT6LKcSCQIPeDK+CCw==",
        "dependencies": {
          "Microsoft.Extensions.Configuration.Abstractions": "9.0.0",
          "Microsoft.Extensions.DependencyInjection.Abstractions": "9.0.0",
          "Microsoft.Extensions.Diagnostics.Abstractions": "9.0.0",
          "Microsoft.Extensions.FileProviders.Abstractions": "9.0.0",
          "Microsoft.Extensions.Logging.Abstractions": "9.0.0"
        }
      },
      "Microsoft.Extensions.Http": {
        "type": "Transitive",
        "resolved": "8.0.1",
        "contentHash": "kDYeKJUzh0qeg/AI+nSr3ffthmXYQTEb0nS9qRC7YhSbbuN4M4NPbaB77AJwtkTnCV9XZ7qYj3dkZaNcyl73EA==",
        "dependencies": {
          "Microsoft.Extensions.Configuration.Abstractions": "8.0.0",
          "Microsoft.Extensions.DependencyInjection.Abstractions": "8.0.2",
          "Microsoft.Extensions.Diagnostics": "8.0.1",
          "Microsoft.Extensions.Logging": "8.0.1",
          "Microsoft.Extensions.Logging.Abstractions": "8.0.2",
          "Microsoft.Extensions.Options": "8.0.2"
        }
      },
      "Microsoft.Extensions.Logging": {
        "type": "Transitive",
        "resolved": "9.0.0",
        "contentHash": "crjWyORoug0kK7RSNJBTeSE6VX8IQgLf3nUpTB9m62bPXp/tzbnOsnbe8TXEG0AASNaKZddnpHKw7fET8E++Pg==",
        "dependencies": {
          "Microsoft.Extensions.DependencyInjection": "9.0.0",
          "Microsoft.Extensions.Logging.Abstractions": "9.0.0",
          "Microsoft.Extensions.Options": "9.0.0"
        }
      },
      "Microsoft.Extensions.Logging.Abstractions": {
        "type": "Transitive",
        "resolved": "9.0.0",
        "contentHash": "g0UfujELzlLbHoVG8kPKVBaW470Ewi+jnptGS9KUi6jcb+k2StujtK3m26DFSGGwQ/+bVgZfsWqNzlP6YOejvw==",
        "dependencies": {
          "Microsoft.Extensions.DependencyInjection.Abstractions": "9.0.0",
          "System.Diagnostics.DiagnosticSource": "9.0.0"
        }
      },
      "Microsoft.Extensions.Logging.Configuration": {
        "type": "Transitive",
        "resolved": "9.0.0",
        "contentHash": "H05HiqaNmg6GjH34ocYE9Wm1twm3Oz2aXZko8GTwGBzM7op2brpAA8pJ5yyD1OpS1mXUtModBYOlcZ/wXeWsSg==",
        "dependencies": {
          "Microsoft.Extensions.Configuration": "9.0.0",
          "Microsoft.Extensions.Configuration.Abstractions": "9.0.0",
          "Microsoft.Extensions.Configuration.Binder": "9.0.0",
          "Microsoft.Extensions.DependencyInjection.Abstractions": "9.0.0",
          "Microsoft.Extensions.Logging": "9.0.0",
          "Microsoft.Extensions.Logging.Abstractions": "9.0.0",
          "Microsoft.Extensions.Options": "9.0.0",
          "Microsoft.Extensions.Options.ConfigurationExtensions": "9.0.0"
        }
      },
      "Microsoft.Extensions.ObjectPool": {
        "type": "Transitive",
        "resolved": "7.0.0",
        "contentHash": "udvKco0sAVgYGTBnHUb0tY9JQzJ/nPDiv/8PIyz69wl1AibeCDZOLVVI+6156dPfHmJH7ws5oUJRiW4ZmAvuuA=="
      },
      "Microsoft.Extensions.Options": {
        "type": "Transitive",
        "resolved": "9.0.0",
        "contentHash": "y2146b3jrPI3Q0lokKXdKLpmXqakYbDIPDV6r3M8SqvSf45WwOTzkyfDpxnZXJsJQEpAsAqjUq5Pu8RCJMjubg==",
        "dependencies": {
          "Microsoft.Extensions.DependencyInjection.Abstractions": "9.0.0",
          "Microsoft.Extensions.Primitives": "9.0.0"
        }
      },
      "Microsoft.Extensions.Options.ConfigurationExtensions": {
        "type": "Transitive",
        "resolved": "9.0.0",
        "contentHash": "Ob3FXsXkcSMQmGZi7qP07EQ39kZpSBlTcAZLbJLdI4FIf0Jug8biv2HTavWmnTirchctPlq9bl/26CXtQRguzA==",
        "dependencies": {
          "Microsoft.Extensions.Configuration.Abstractions": "9.0.0",
          "Microsoft.Extensions.Configuration.Binder": "9.0.0",
          "Microsoft.Extensions.DependencyInjection.Abstractions": "9.0.0",
          "Microsoft.Extensions.Options": "9.0.0",
          "Microsoft.Extensions.Primitives": "9.0.0"
        }
      },
      "Microsoft.Extensions.Primitives": {
        "type": "Transitive",
        "resolved": "9.0.0",
        "contentHash": "N3qEBzmLMYiASUlKxxFIISP4AiwuPTHF5uCh+2CWSwwzAJiIYx0kBJsS30cp1nvhSySFAVi30jecD307jV+8Kg=="
      },
      "Microsoft.IdentityModel.Abstractions": {
        "type": "Transitive",
        "resolved": "7.1.2",
        "contentHash": "33eTIA2uO/L9utJjZWbKsMSVsQf7F8vtd6q5mQX7ZJzNvCpci5fleD6AeANGlbbb7WX7XKxq9+Dkb5e3GNDrmQ=="
      },
      "Microsoft.IdentityModel.JsonWebTokens": {
        "type": "Transitive",
        "resolved": "7.1.2",
        "contentHash": "cloLGeZolXbCJhJBc5OC05uhrdhdPL6MWHuVUnkkUvPDeK7HkwThBaLZ1XjBQVk9YhxXE2OvHXnKi0PLleXxDg==",
        "dependencies": {
          "Microsoft.IdentityModel.Tokens": "7.1.2"
        }
      },
      "Microsoft.IdentityModel.Logging": {
        "type": "Transitive",
        "resolved": "7.1.2",
        "contentHash": "YCxBt2EeJP8fcXk9desChkWI+0vFqFLvBwrz5hBMsoh0KJE6BC66DnzkdzkJNqMltLromc52dkdT206jJ38cTw==",
        "dependencies": {
          "Microsoft.IdentityModel.Abstractions": "7.1.2"
        }
      },
      "Microsoft.IdentityModel.Tokens": {
        "type": "Transitive",
        "resolved": "7.1.2",
        "contentHash": "oICJMqr3aNEDZOwnH5SK49bR6Z4aX0zEAnOLuhloumOSuqnNq+GWBdQyrgILnlcT5xj09xKCP/7Y7gJYB+ls/g==",
        "dependencies": {
          "Microsoft.IdentityModel.Logging": "7.1.2"
        }
      },
      "Microsoft.OpenApi": {
        "type": "Transitive",
        "resolved": "1.6.22",
        "contentHash": "aBvunmrdu/x+4CaA/UP1Jx4xWGwk4kymhoIRnn2Vp+zi5/KOPQJ9EkSXHRUr01WcGKtYl3Au7XfkPJbU1G2sjQ=="
      },
      "OpenTelemetry.Api": {
        "type": "Transitive",
        "resolved": "1.10.0",
        "contentHash": "HcmxppwGFna1oY8cLX6hZ/nU1dw07UutfOVCltrbVE3RNYwRD7qFdQRtQQAoKZnbXE9yW4QMdtohcLClNFOk8w==",
        "dependencies": {
          "System.Diagnostics.DiagnosticSource": "9.0.0"
        }
      },
      "OpenTelemetry.Api.ProviderBuilderExtensions": {
        "type": "Transitive",
        "resolved": "1.10.0",
        "contentHash": "cu+jYs6WdZjNohM1LriHRBs9JvpuWrdU8/Iz+DRoC0DkfKIlFubsp4lsoiKJm/aCgDBLAyvLmMna3Y3pMM8WpA==",
        "dependencies": {
          "Microsoft.Extensions.DependencyInjection.Abstractions": "9.0.0",
          "OpenTelemetry.Api": "1.10.0"
        }
      },
      "Polly": {
        "type": "Transitive",
        "resolved": "7.2.4",
        "contentHash": "bw00Ck5sh6ekduDE3mnCo1ohzuad946uslCDEENu3091+6UKnBuKLo4e+yaNcCzXxOZCXWY2gV4a35+K1d4LDA=="
      },
      "Polly.Extensions.Http": {
        "type": "Transitive",
        "resolved": "3.0.0",
        "contentHash": "drrG+hB3pYFY7w1c3BD+lSGYvH2oIclH8GRSehgfyP5kjnFnHKQuuBhuHLv+PWyFuaTDyk/vfRpnxOzd11+J8g==",
        "dependencies": {
          "Polly": "7.1.0"
        }
      },
      "Swashbuckle.AspNetCore.Swagger": {
        "type": "Transitive",
        "resolved": "7.0.0",
        "contentHash": "Y2QnwZkuszoIYpz069xqDU0h/rklVedE4a0NOdb8HSDTcXCmsi7Zm2RGdJccde5MojHmEhDmZggCO1wgpfZ2IA==",
        "dependencies": {
          "Microsoft.OpenApi": "1.6.22"
        }
      },
      "Swashbuckle.AspNetCore.SwaggerGen": {
        "type": "Transitive",
        "resolved": "7.0.0",
        "contentHash": "f/urqk9zkb5ZXc3ljLNP++JgYe2HTlA4WaIaO1DLRQLRFh3HXIZakFfMfTWX1T8NVqeMyJF7MzETN4HsokxNuQ==",
        "dependencies": {
          "Swashbuckle.AspNetCore.Swagger": "7.0.0"
        }
      },
      "Swashbuckle.AspNetCore.SwaggerUI": {
        "type": "Transitive",
        "resolved": "7.0.0",
        "contentHash": "rJJony+jsxvpfJM9ZGVxjp0DVpalZv8cAhiMSLW6L2hgUWb7k5qPVuzQHWXtkT8lrG1hQ8vWeR+HUwgCQm9J3A=="
      },
      "System.ComponentModel.Annotations": {
        "type": "Transitive",
        "resolved": "5.0.0",
        "contentHash": "dMkqfy2el8A8/I76n2Hi1oBFEbG1SfxD2l5nhwXV3XjlnOmwxJlQbYpJH4W51odnU9sARCSAgv7S3CyAFMkpYg=="
      },
      "System.Diagnostics.DiagnosticSource": {
        "type": "Transitive",
        "resolved": "9.0.0",
        "contentHash": "ddppcFpnbohLWdYKr/ZeLZHmmI+DXFgZ3Snq+/E7SwcdW4UnvxmaugkwGywvGVWkHPGCSZjCP+MLzu23AL5SDw=="
      },
      "System.IdentityModel.Tokens.Jwt": {
        "type": "Transitive",
        "resolved": "7.1.2",
        "contentHash": "Thhbe1peAmtSBFaV/ohtykXiZSOkx59Da44hvtWfIMFofDA3M3LaVyjstACf2rKGn4dEDR2cUpRAZ0Xs/zB+7Q==",
        "dependencies": {
          "Microsoft.IdentityModel.JsonWebTokens": "7.1.2",
          "Microsoft.IdentityModel.Tokens": "7.1.2"
        }
      },
      "System.Reflection.Emit.Lightweight": {
        "type": "Transitive",
        "resolved": "4.7.0",
        "contentHash": "a4OLB4IITxAXJeV74MDx49Oq2+PsF6Sml54XAFv+2RyWwtDBcabzoxiiJRhdhx+gaohLh4hEGCLQyBozXoQPqA=="
      },
      "System.Threading.Tasks.Extensions": {
        "type": "Transitive",
        "resolved": "4.5.4",
        "contentHash": "zteT+G8xuGu6mS+mzDzYXbzS7rd3K6Fjb9RiZlYlJPam2/hU7JCBZBVEcywNuR+oZ1ncTvc/cq0faRr3P01OVg=="
      }
    }
  }
}