{
  "version": 1,
  "dependencies": {
    "net7.0": {
      "AspNetCore.Authentication.ApiKey": {
        "type": "Direct",
        "requested": "[7.0.0, )",
        "resolved": "7.0.0",
        "contentHash": "cGJpMLbK1wbxhZMDpwJLBg9PaILPQxzDf5vHPHrSSrSA2WKV8ZEphWPxqXD9bBdzQP7IW86bi8k3eOAVLvLZXA=="
      },
      "Duende.AccessTokenManagement": {
        "type": "Direct",
        "requested": "[2.0.3, )",
        "resolved": "2.0.3",
        "contentHash": "+Gf464caPFzPsprf/oyKHwVLJmiGk404vtjpGsmJVM9VpM4B8I9140ANDJwN2S5ihOcL3zH7mv59re0KT31TfA==",
        "dependencies": {
          "IdentityModel": "6.1.0",
          "Microsoft.Extensions.Caching.Abstractions": "6.0.0",
          "Microsoft.Extensions.DependencyInjection.Abstractions": "6.0.0",
          "Microsoft.Extensions.Http": "6.0.0",
          "Microsoft.Extensions.Logging.Abstractions": "6.0.0",
          "Microsoft.Extensions.Options": "6.0.0",
          "System.IdentityModel.Tokens.Jwt": "6.15.1"
        }
      },
      "Ensure.That": {
        "type": "Direct",
        "requested": "[10.1.0, )",
        "resolved": "10.1.0",
        "contentHash": "rzTMSs0lQnu0WsesvTjs/zDzqiZXb9r5dv+wFQcPg/iIZqXb5BzwpIWEwi8Q3HA0TS4ytRcY129aSek6IzuOmA=="
      },
      "FhirParametersGenerator": {
        "type": "Direct",
        "requested": "[0.5.0, )",
        "resolved": "0.5.0",
        "contentHash": "+UKji9iH2WgPBIGloAyxqCIP0VduvgXbny+0CppZKBSgjOmJMnKFLomlfrjnFqeTO5u5xzoyWvPQzxrXtl3nKA=="
      },
      "Google.Protobuf": {
        "type": "Direct",
        "requested": "[3.24.3, )",
        "resolved": "3.24.3",
        "contentHash": "HX8KHRTJPUcC4KOvEobKBNlMpHGYmK+3X73xPq+OUE2M5dLYvpGhp9qQQWt2jASgTUbxI1yHaGeBqFYiECBupw=="
      },
      "Grpc.Net.Client": {
        "type": "Direct",
        "requested": "[2.57.0, )",
        "resolved": "2.57.0",
        "contentHash": "vVDW0ePnaH9Na+wjm64vpzdj05JEjOCmAXUlANVc+s3hBBreEizfbmlzWPjsL6ZskaSrA59Ckb0J2l1HMvtMHQ==",
        "dependencies": {
          "Grpc.Net.Common": "2.57.0",
          "Microsoft.Extensions.Logging.Abstractions": "6.0.0"
        }
      },
      "Grpc.Net.ClientFactory": {
        "type": "Direct",
        "requested": "[2.57.0, )",
        "resolved": "2.57.0",
        "contentHash": "t3+mz7z6e3tezZbekioGOqix4QcOAWRACQqP3v/FA6HxkgraTRceaREPaFTxSFvGrpPtOSkJ3y1WRx0MA+8v9g==",
        "dependencies": {
          "Grpc.Net.Client": "2.57.0",
          "Microsoft.Extensions.Http": "6.0.0"
        }
      },
      "Grpc.Tools": {
        "type": "Direct",
        "requested": "[2.58.0, )",
        "resolved": "2.58.0",
        "contentHash": "jWGgCVsBiBozXqKNyGXXumqDrJiu7PLShPul0UGq6II6DV1fvcCLXtQpL/N/7UJ8cyyZLqru1/DRPe/NCkw5NQ=="
      },
      "Hl7.Fhir.Base": {
        "type": "Direct",
        "requested": "[5.3.0, )",
        "resolved": "5.3.0",
        "contentHash": "qwkDPyNK1KGu+f55ZKYVaXJf3U91+2WuHlg4iN01anZxWzbhfg0f7/1e+QpcWBhTon68dQn17mqUm6UPOjSdjw==",
        "dependencies": {
          "Fhir.Metrics": "1.2.2",
          "Newtonsoft.Json": "13.0.3",
          "System.ComponentModel.Annotations": "5.0.0",
          "System.Reflection.Emit.Lightweight": "4.7.0"
        }
      },
      "Hl7.Fhir.R4": {
        "type": "Direct",
        "requested": "[5.3.0, )",
        "resolved": "5.3.0",
        "contentHash": "ymmAyvWnduk8JnZt/l2toHB8NT1EM4AAktVI7G9cuB3E/IUuZmhW5uP8gEpi8MwzKzilO7iN+PRF0fkfnDnTJw==",
        "dependencies": {
          "Hl7.Fhir.Conformance": "5.3.0"
        }
      },
      "MathNet.Numerics": {
        "type": "Direct",
        "requested": "[5.0.0, )",
        "resolved": "5.0.0",
        "contentHash": "pg1W2VwaEQMAiTpGK840hZgzavnqjlCMTVSbtVCXVyT+7AX4mc1o89SPv4TBlAjhgCOo9c1Y+jZ5m3ti2YgGgA=="
      },
      "Microsoft.Extensions.Http.Polly": {
        "type": "Direct",
        "requested": "[7.0.11, )",
        "resolved": "7.0.11",
        "contentHash": "S5Hf0yN82oa9Z/gy+fzyKfnTfuItDoF1hL+ikJrruJGv+STC622gLqXZyntMSQjLfwGYIf9zrLU8AESMWIRj0g==",
        "dependencies": {
          "Microsoft.Extensions.Http": "7.0.0",
          "Polly": "7.2.3",
          "Polly.Extensions.Http": "3.0.0"
        }
      },
      "Newtonsoft.Json": {
        "type": "Direct",
        "requested": "[13.0.3, )",
        "resolved": "13.0.3",
        "contentHash": "HrC5BXdl00IP9zeV+0Z848QWPAoCr9P3bDEZguI+gkLcBKAOxix/tLEAAHC+UvDNPv4a2d18lOReHMOagPa+zQ=="
      },
      "OpenTelemetry": {
        "type": "Direct",
        "requested": "[1.6.0, )",
        "resolved": "1.6.0",
        "contentHash": "bTvLk9YIg0nUDb6K+f8mJkMK8b7sfGEyD0Zmg6ckD7kDCkBq1Hk1KjqlA/jEsypJIVnyclP0CGDcOELGYXGpAA==",
        "dependencies": {
          "Microsoft.Extensions.Logging.Configuration": "3.1.0",
          "OpenTelemetry.Api.ProviderBuilderExtensions": "1.6.0"
        }
      },
      "OpenTelemetry.Exporter.Jaeger": {
        "type": "Direct",
        "requested": "[1.5.1, )",
        "resolved": "1.5.1",
        "contentHash": "gBDpVDSqyTgsiPdMeHWjwlJnQAcVaF4BH0fnTwZScSjFqSHEuwmvRbOzvn44tGbVttOA1qpqPPid+OyrszMRXQ==",
        "dependencies": {
          "OpenTelemetry": "1.5.1",
          "System.Threading.Tasks.Extensions": "4.5.4"
        }
      },
      "OpenTelemetry.Exporter.OpenTelemetryProtocol": {
        "type": "Direct",
        "requested": "[1.6.0, )",
        "resolved": "1.6.0",
        "contentHash": "Xfb4ouRSerQe8Kgg6JBHMaPnjD7cPzdPIk4df6JDLO8G/S0K7uTMngw5qbVm88cqGs0p+YcQTg6FvXMQ6kL/dw==",
        "dependencies": {
          "Google.Protobuf": "[3.19.4, 4.0.0)",
          "Grpc.Net.Client": "[2.52.0, 3.0.0)",
          "OpenTelemetry": "1.6.0"
        }
      },
      "OpenTelemetry.Extensions.Hosting": {
        "type": "Direct",
        "requested": "[1.6.0, )",
        "resolved": "1.6.0",
        "contentHash": "Bu9biIlX1mLOtHiXYJ+IJJ2AfuiXcUjswxo5FD+pV+V+miRS0AtJrnZoWzlL2ATVY0QlVbSBJFDULPbgb0vylw==",
        "dependencies": {
          "Microsoft.Extensions.Hosting.Abstractions": "2.1.0",
          "OpenTelemetry": "1.6.0"
        }
      },
      "OpenTelemetry.Instrumentation.AspNetCore": {
        "type": "Direct",
        "requested": "[1.5.1-beta.1, )",
        "resolved": "1.5.1-beta.1",
        "contentHash": "szyjWK0GdA0hFfxjdBykYsgrXv6NVTu5HDxIgQOcZMqWu6hyikKDMcP+hYC3rD2mJbIdvjEdhEyZOb84sCevHA==",
        "dependencies": {
          "OpenTelemetry": "1.5.1"
        }
      },
      "OpenTelemetry.Instrumentation.GrpcNetClient": {
        "type": "Direct",
        "requested": "[1.5.1-beta.1, )",
        "resolved": "1.5.1-beta.1",
        "contentHash": "nEu3M1acq5Yjc0AxR+itzvY20+LUdeYjw5n7hpf0SE+tFry1v5xDZ2bR8FAMXQvTAKlwDk3LK7ra/1c7ODCJfA==",
        "dependencies": {
          "OpenTelemetry": "1.5.1"
        }
      },
      "OpenTelemetry.Instrumentation.Http": {
        "type": "Direct",
        "requested": "[1.5.1-beta.1, )",
        "resolved": "1.5.1-beta.1",
        "contentHash": "Qyhp8nzfkGVIQdBJbgnJaFDQoH0AcMjkbCP6ddB04eSiWFS1e8FRsRMwnJSOQ3cafWowK3Y4S/V60xdB1rNX5A==",
        "dependencies": {
          "OpenTelemetry": "1.5.1"
        }
      },
      "prometheus-net": {
        "type": "Direct",
        "requested": "[8.0.1, )",
        "resolved": "8.0.1",
        "contentHash": "A9sOtQB2gEhujBxPKw+KcGScBiPvBmy4lYVM5OlETMj4xjVD5r/ixIg52HHg2P0lcImJTpfeWnD0/9tpQsRQTA==",
        "dependencies": {
          "Microsoft.Extensions.Http": "3.1.0",
          "Microsoft.Extensions.ObjectPool": "7.0.0"
        }
      },
      "prometheus-net.AspNetCore": {
        "type": "Direct",
        "requested": "[8.0.1, )",
        "resolved": "8.0.1",
        "contentHash": "KYM1abaC+V4KwF+pdJOxNsrec7AIORqRYFC5idemIKyQWmmI7v+WMu45mTR2CZV2CPoUQXuAP4ufNBK6ce1v0w==",
        "dependencies": {
          "prometheus-net": "8.0.1"
        }
      },
      "prometheus-net.AspNetCore.Grpc": {
        "type": "Direct",
        "requested": "[8.0.1, )",
        "resolved": "8.0.1",
        "contentHash": "VNoXKSI7HKCxh9qhHa7wCP+SkUJENn/7ywj3kgzAp6j6iLgNWuPvOcXh22r2TEkQUQVsK5j5v9edfCnuM4FA1g==",
        "dependencies": {
          "Grpc.AspNetCore.Server": "2.48.0",
          "prometheus-net.AspNetCore": "8.0.1"
        }
      },
      "prometheus-net.AspNetCore.HealthChecks": {
        "type": "Direct",
        "requested": "[8.0.1, )",
        "resolved": "8.0.1",
        "contentHash": "t8mJDBC6OwZ1/8t6Sp365YVTE2Fy2ebRO+9YV1DZPFOT2WjjP4kZAZ/DaR2KSfYgfRyDmq55BlI5wjDRQg24Pw==",
        "dependencies": {
          "Microsoft.Extensions.Diagnostics.HealthChecks": "6.0.9",
          "prometheus-net.AspNetCore": "8.0.1"
        }
      },
      "Semver": {
        "type": "Direct",
        "requested": "[3.0.0-beta.1, )",
        "resolved": "3.0.0-beta.1",
        "contentHash": "2SaLhL5773O+38Z4zCMb85/+iEeGMqbH9GglYVgSSWc15UbJRTZ5lbTZPtyx53sNY/UscG7nZz7gCc0M0p3UDg==",
        "dependencies": {
          "Microsoft.Extensions.Primitives": "7.0.0"
        }
      },
      "Swashbuckle.AspNetCore": {
        "type": "Direct",
        "requested": "[6.5.0, )",
        "resolved": "6.5.0",
        "contentHash": "FK05XokgjgwlCI6wCT+D4/abtQkL1X1/B9Oas6uIwHFmYrIO9WUD5aLC9IzMs9GnHfUXOtXZ2S43gN1mhs5+aA==",
        "dependencies": {
          "Microsoft.Extensions.ApiDescription.Server": "6.0.5",
          "Swashbuckle.AspNetCore.Swagger": "6.5.0",
          "Swashbuckle.AspNetCore.SwaggerGen": "6.5.0",
          "Swashbuckle.AspNetCore.SwaggerUI": "6.5.0"
        }
      },
      "YamlDotNet": {
        "type": "Direct",
        "requested": "[13.4.0, )",
        "resolved": "13.4.0",
        "contentHash": "XkqTRgpt/tkqX9sOKcdPAZLVMktR5sBFwt7aK/PP061k9yoUntr/Qc8o9KshjSte34WYTIuCrpBs1+LwR7dFdA=="
      },
      "Fhir.Metrics": {
        "type": "Transitive",
        "resolved": "1.2.2",
        "contentHash": "600yqTbqREfogkwWH+MrXwq7fFI/gO5xn1+f7EYHlN69kXZhEpyG3V574PJiErfMQS1IpDNs4QT0aAu3KGlGFQ=="
      },
      "Grpc.AspNetCore.Server": {
        "type": "Transitive",
        "resolved": "2.48.0",
        "contentHash": "7GaNW8YnE5t+BpU75PsHgAJuy5Fp5ZMvLDSBdjUR4zUi27FwnVxiOhACyayprdCNNOwitbxUIc3iB5A7yn/QvQ==",
        "dependencies": {
          "Grpc.Net.Common": "2.48.0"
        }
      },
      "Grpc.Core.Api": {
        "type": "Transitive",
        "resolved": "2.57.0",
        "contentHash": "48jpfMyYdhaPS6PGnk7sEqSO3+c/w11ahY+a33ymo0BsQEsBVIoJoS5xMsl5RzBlpKY41PnN+qJGMm3VyE5OQg=="
      },
      "Grpc.Net.Common": {
        "type": "Transitive",
        "resolved": "2.57.0",
        "contentHash": "babJpsAwVH3lPjg8cvWGqW+Fos1RN+cqudfkW2EyB2DK2v5yjD2axZ1Uay6kR6ec2/p9ljodktrfoJ2lJ/pwnQ==",
        "dependencies": {
          "Grpc.Core.Api": "2.57.0"
        }
      },
      "Hl7.Fhir.Conformance": {
        "type": "Transitive",
        "resolved": "5.3.0",
        "contentHash": "Svy12wO79Ciy/0sQkbnhluePXoOVCX2webk0ms2zqbyTD29p0BqBSbodWsyrTUzUuQZziThl3gapjxy83Kwn2Q==",
        "dependencies": {
          "Hl7.Fhir.Base": "5.3.0"
        }
      },
      "IdentityModel": {
        "type": "Transitive",
        "resolved": "6.1.0",
        "contentHash": "W9A6U26se5Jeo+QoczLfXW5LgBDXL0bBfnb2DWWZMivv9L52ls/85WtEGZQ8kSgOUecuBUlQZdpu02Uni8n1tg=="
      },
      "Microsoft.CSharp": {
        "type": "Transitive",
        "resolved": "4.5.0",
        "contentHash": "kaj6Wb4qoMuH3HySFJhxwQfe8R/sJsNJnANrvv8WdFPMoNbKY5htfNscv+LHCu5ipz+49m2e+WQXpLXr9XYemQ=="
      },
      "Microsoft.Extensions.ApiDescription.Server": {
        "type": "Transitive",
        "resolved": "6.0.5",
        "contentHash": "Ckb5EDBUNJdFWyajfXzUIMRkhf52fHZOQuuZg/oiu8y7zDCVwD0iHhew6MnThjHmevanpxL3f5ci2TtHQEN6bw=="
      },
      "Microsoft.Extensions.Caching.Abstractions": {
        "type": "Transitive",
        "resolved": "6.0.0",
        "contentHash": "bcz5sSFJbganH0+YrfvIjJDIcKNW7TL07C4d1eTmXy/wOt52iz4LVogJb6pazs7W0+74j0YpXFErvp++Aq5Bsw==",
        "dependencies": {
          "Microsoft.Extensions.Primitives": "6.0.0"
        }
      },
      "Microsoft.Extensions.Configuration": {
        "type": "Transitive",
        "resolved": "3.1.0",
        "contentHash": "Lu41BWNmwhKr6LgyQvcYBOge0pPvmiaK8R5UHXX4//wBhonJyWcT2OK1mqYfEM5G7pTf31fPrpIHOT6sN7EGOA==",
        "dependencies": {
          "Microsoft.Extensions.Configuration.Abstractions": "3.1.0"
        }
      },
      "Microsoft.Extensions.Configuration.Abstractions": {
        "type": "Transitive",
        "resolved": "6.0.0",
        "contentHash": "qWzV9o+ZRWq+pGm+1dF+R7qTgTYoXvbyowRoBxQJGfqTpqDun2eteerjRQhq5PQ/14S+lqto3Ft4gYaRyl4rdQ==",
        "dependencies": {
          "Microsoft.Extensions.Primitives": "6.0.0"
        }
      },
      "Microsoft.Extensions.Configuration.Binder": {
        "type": "Transitive",
        "resolved": "3.1.0",
        "contentHash": "o9eELDBfNkR7sUtYysFZ1Q7BQ1mYt27DMkups/3vu7xgPyOpMD+iAfrBZFzUXT2iw0fmFb8s1gfNBZS+IgjKdQ==",
        "dependencies": {
          "Microsoft.Extensions.Configuration": "3.1.0"
        }
      },
      "Microsoft.Extensions.DependencyInjection": {
        "type": "Transitive",
        "resolved": "7.0.0",
        "contentHash": "elNeOmkeX3eDVG6pYVeV82p29hr+UKDaBhrZyWvWLw/EVZSYEkZlQdkp0V39k/Xehs2Qa0mvoCvkVj3eQxNQ1Q==",
        "dependencies": {
          "Microsoft.Extensions.DependencyInjection.Abstractions": "7.0.0"
        }
      },
      "Microsoft.Extensions.DependencyInjection.Abstractions": {
        "type": "Transitive",
        "resolved": "7.0.0",
        "contentHash": "h3j/QfmFN4S0w4C2A6X7arXij/M/OVw3uQHSOFxnND4DyAzO1F9eMX7Eti7lU/OkSthEE0WzRsfT/Dmx86jzCw=="
      },
      "Microsoft.Extensions.Diagnostics.HealthChecks": {
        "type": "Transitive",
        "resolved": "6.0.9",
        "contentHash": "w0HBZwdPOtZzZGVpCsIQaF0mg2fEC8GnBgiTOUwsJ9m3SvhdnwSgP7PST2npgzyPRs0qg66mpPr8gQuFyz2IGA==",
        "dependencies": {
          "Microsoft.Extensions.Diagnostics.HealthChecks.Abstractions": "6.0.9",
          "Microsoft.Extensions.Hosting.Abstractions": "6.0.0",
          "Microsoft.Extensions.Logging.Abstractions": "6.0.2",
          "Microsoft.Extensions.Options": "6.0.0"
        }
      },
      "Microsoft.Extensions.Diagnostics.HealthChecks.Abstractions": {
        "type": "Transitive",
        "resolved": "6.0.9",
        "contentHash": "NGUQDA/+EluVHe7ArpDDfG/JCkEfax1vGST28+ALh4TsmbJAuPeB22TMikkMpvEOZhfVZdzr0S64mrBmDrKl2A=="
      },
      "Microsoft.Extensions.FileProviders.Abstractions": {
        "type": "Transitive",
        "resolved": "6.0.0",
        "contentHash": "0pd4/fho0gC12rQswaGQxbU34jOS1TPS8lZPpkFCH68ppQjHNHYle9iRuHeev1LhrJ94YPvzcRd8UmIuFk23Qw==",
        "dependencies": {
          "Microsoft.Extensions.Primitives": "6.0.0"
        }
      },
      "Microsoft.Extensions.Hosting.Abstractions": {
        "type": "Transitive",
        "resolved": "6.0.0",
        "contentHash": "GcT5l2CYXL6Sa27KCSh0TixsRfADUgth+ojQSD5EkzisZxmGFh7CwzkcYuGwvmXLjr27uWRNrJ2vuuEjMhU05Q==",
        "dependencies": {
          "Microsoft.Extensions.Configuration.Abstractions": "6.0.0",
          "Microsoft.Extensions.DependencyInjection.Abstractions": "6.0.0",
          "Microsoft.Extensions.FileProviders.Abstractions": "6.0.0"
        }
      },
      "Microsoft.Extensions.Http": {
        "type": "Transitive",
        "resolved": "7.0.0",
        "contentHash": "9Pq9f/CvOSz0t9yQa6g1uWpxa2sm13daLFm8EZwy9MaQUjKXWdNUXQwIxwhmba5N83UIqURiPHSNqGK1vfWF2w==",
        "dependencies": {
          "Microsoft.Extensions.DependencyInjection.Abstractions": "7.0.0",
          "Microsoft.Extensions.Logging": "7.0.0",
          "Microsoft.Extensions.Logging.Abstractions": "7.0.0",
          "Microsoft.Extensions.Options": "7.0.0"
        }
      },
      "Microsoft.Extensions.Logging": {
        "type": "Transitive",
        "resolved": "7.0.0",
        "contentHash": "Nw2muoNrOG5U5qa2ZekXwudUn2BJcD41e65zwmDHb1fQegTX66UokLWZkJRpqSSHXDOWZ5V0iqhbxOEky91atA==",
        "dependencies": {
          "Microsoft.Extensions.DependencyInjection": "7.0.0",
          "Microsoft.Extensions.DependencyInjection.Abstractions": "7.0.0",
          "Microsoft.Extensions.Logging.Abstractions": "7.0.0",
          "Microsoft.Extensions.Options": "7.0.0"
        }
      },
      "Microsoft.Extensions.Logging.Abstractions": {
        "type": "Transitive",
        "resolved": "7.0.0",
        "contentHash": "kmn78+LPVMOWeITUjIlfxUPDsI0R6G0RkeAMBmQxAJ7vBJn4q2dTva7pWi65ceN5vPGjJ9q/Uae2WKgvfktJAw=="
      },
      "Microsoft.Extensions.Logging.Configuration": {
        "type": "Transitive",
        "resolved": "3.1.0",
        "contentHash": "yW3nIoNM3T5iZg8bRViiCN4+vIU/02l+mlWSvKqWnr0Fd5Uk1zKdT9jBWKEcJhRIWKVWWSpFWXnM5yWoIAy1Eg==",
        "dependencies": {
          "Microsoft.Extensions.Logging": "3.1.0",
          "Microsoft.Extensions.Options.ConfigurationExtensions": "3.1.0"
        }
      },
      "Microsoft.Extensions.ObjectPool": {
        "type": "Transitive",
        "resolved": "7.0.0",
        "contentHash": "udvKco0sAVgYGTBnHUb0tY9JQzJ/nPDiv/8PIyz69wl1AibeCDZOLVVI+6156dPfHmJH7ws5oUJRiW4ZmAvuuA=="
      },
      "Microsoft.Extensions.Options": {
        "type": "Transitive",
        "resolved": "7.0.0",
        "contentHash": "lP1yBnTTU42cKpMozuafbvNtQ7QcBjr/CcK3bYOGEMH55Fjt+iecXjT6chR7vbgCMqy3PG3aNQSZgo/EuY/9qQ==",
        "dependencies": {
          "Microsoft.Extensions.DependencyInjection.Abstractions": "7.0.0",
          "Microsoft.Extensions.Primitives": "7.0.0"
        }
      },
      "Microsoft.Extensions.Options.ConfigurationExtensions": {
        "type": "Transitive",
        "resolved": "3.1.0",
        "contentHash": "tx6gMKE3rDspA1YZT8SlQJmyt1BaBSl6mNjB3g0ZO6m3NnoavCifXkGeBuDk9Ae4XjW8C+dty52p+0u38jPRIQ==",
        "dependencies": {
          "Microsoft.Extensions.Configuration.Abstractions": "3.1.0",
          "Microsoft.Extensions.Configuration.Binder": "3.1.0",
          "Microsoft.Extensions.DependencyInjection.Abstractions": "3.1.0",
          "Microsoft.Extensions.Options": "3.1.0"
        }
      },
      "Microsoft.Extensions.Primitives": {
        "type": "Transitive",
        "resolved": "7.0.0",
        "contentHash": "um1KU5kxcRp3CNuI8o/GrZtD4AIOXDk+RLsytjZ9QPok3ttLUelLKpilVPuaFT3TFjOhSibUAso0odbOaCDj3Q=="
      },
      "Microsoft.IdentityModel.JsonWebTokens": {
        "type": "Transitive",
        "resolved": "6.15.1",
        "contentHash": "X5K/Pt02agb1V+khh5u7Q8hg02IVTshxV5owpR7UdQ9zfs0+A6qzca0F9jyv3o8SlOjEFHBabs+5cp7Noofzvg==",
        "dependencies": {
          "Microsoft.IdentityModel.Tokens": "6.15.1"
        }
      },
      "Microsoft.IdentityModel.Logging": {
        "type": "Transitive",
        "resolved": "6.15.1",
        "contentHash": "PpZHL/Bt/8vQ8g/6LxweuI1EusV0ogUBYnGM+bPeL/SG89gx2n05xKNE/U5JNEkLFLL+sk7O8T7c/PXhFtUtUg=="
      },
      "Microsoft.IdentityModel.Tokens": {
        "type": "Transitive",
        "resolved": "6.15.1",
        "contentHash": "0bd0ocKuNai0/GdhboIW37R6z8I0vFqlmiPeG055SJxPPJ7dfBo2tjJ3bPV9vjFCRDuusj24dldOsg4hWui6iw==",
        "dependencies": {
          "Microsoft.CSharp": "4.5.0",
          "Microsoft.IdentityModel.Logging": "6.15.1",
          "System.Security.Cryptography.Cng": "4.5.0"
        }
      },
      "Microsoft.OpenApi": {
        "type": "Transitive",
        "resolved": "1.2.3",
        "contentHash": "Nug3rO+7Kl5/SBAadzSMAVgqDlfGjJZ0GenQrLywJ84XGKO0uRqkunz5Wyl0SDwcR71bAATXvSdbdzPrYRYKGw=="
      },
      "OpenTelemetry.Api": {
        "type": "Transitive",
        "resolved": "1.6.0",
        "contentHash": "LTF4PB6UicJlgrBBg0rblAMyJJLMAVBujg8T9pGPQsl1vVgPNZoJNTLadhC3ZdYUzuKsvYLS31vT0/wl97JtEw==",
        "dependencies": {
          "System.Diagnostics.DiagnosticSource": "7.0.2"
        }
      },
      "OpenTelemetry.Api.ProviderBuilderExtensions": {
        "type": "Transitive",
        "resolved": "1.6.0",
        "contentHash": "k8lqUAxjXkCV6yKdXfCbxsHMh5x7F7q8lAKm61rP/iP3EJPG1XhOy3j9nyubBYCm/xqlIy4ugWcqY1Inxolozw==",
        "dependencies": {
          "Microsoft.Extensions.DependencyInjection.Abstractions": "3.1.0",
          "OpenTelemetry.Api": "1.6.0"
        }
      },
      "Polly": {
        "type": "Transitive",
        "resolved": "7.2.3",
        "contentHash": "DeCY0OFbNdNxsjntr1gTXHJ5pKUwYzp04Er2LLeN3g6pWhffsGuKVfMBLe1lw7x76HrPkLxKEFxBlpRxS2nDEQ=="
      },
      "Polly.Extensions.Http": {
        "type": "Transitive",
        "resolved": "3.0.0",
        "contentHash": "drrG+hB3pYFY7w1c3BD+lSGYvH2oIclH8GRSehgfyP5kjnFnHKQuuBhuHLv+PWyFuaTDyk/vfRpnxOzd11+J8g==",
        "dependencies": {
          "Polly": "7.1.0"
        }
      },
      "Swashbuckle.AspNetCore.Swagger": {
        "type": "Transitive",
        "resolved": "6.5.0",
        "contentHash": "XWmCmqyFmoItXKFsQSwQbEAsjDKcxlNf1l+/Ki42hcb6LjKL8m5Db69OTvz5vLonMSRntYO1XLqz0OP+n3vKnA==",
        "dependencies": {
          "Microsoft.OpenApi": "1.2.3"
        }
      },
      "Swashbuckle.AspNetCore.SwaggerGen": {
        "type": "Transitive",
        "resolved": "6.5.0",
        "contentHash": "Y/qW8Qdg9OEs7V013tt+94OdPxbRdbhcEbw4NiwGvf4YBcfhL/y7qp/Mjv/cENsQ2L3NqJ2AOu94weBy/h4KvA==",
        "dependencies": {
          "Swashbuckle.AspNetCore.Swagger": "6.5.0"
        }
      },
      "Swashbuckle.AspNetCore.SwaggerUI": {
        "type": "Transitive",
        "resolved": "6.5.0",
        "contentHash": "OvbvxX+wL8skxTBttcBsVxdh73Fag4xwqEU2edh4JMn7Ws/xJHnY/JB1e9RoCb6XpDxUF3hD9A0Z1lEUx40Pfw=="
      },
      "System.ComponentModel.Annotations": {
        "type": "Transitive",
        "resolved": "5.0.0",
        "contentHash": "dMkqfy2el8A8/I76n2Hi1oBFEbG1SfxD2l5nhwXV3XjlnOmwxJlQbYpJH4W51odnU9sARCSAgv7S3CyAFMkpYg=="
      },
      "System.Diagnostics.DiagnosticSource": {
        "type": "Transitive",
        "resolved": "7.0.2",
        "contentHash": "hYr3I9N9811e0Bjf2WNwAGGyTuAFbbTgX1RPLt/3Wbm68x3IGcX5Cl75CMmgT6WlNwLQ2tCCWfqYPpypjaf2xA=="
      },
      "System.IdentityModel.Tokens.Jwt": {
        "type": "Transitive",
        "resolved": "6.15.1",
        "contentHash": "q3ZLyWmpX4+jW4XITf7Axd+9sC6w2NrQaKcQQT9A8waoknHgaNwSeookpUmPMQDqS0afT9Lh0JYub196vzuzbA==",
        "dependencies": {
          "Microsoft.IdentityModel.JsonWebTokens": "6.15.1",
          "Microsoft.IdentityModel.Tokens": "6.15.1"
        }
      },
      "System.Reflection.Emit.Lightweight": {
        "type": "Transitive",
        "resolved": "4.7.0",
        "contentHash": "a4OLB4IITxAXJeV74MDx49Oq2+PsF6Sml54XAFv+2RyWwtDBcabzoxiiJRhdhx+gaohLh4hEGCLQyBozXoQPqA=="
      },
      "System.Security.Cryptography.Cng": {
        "type": "Transitive",
        "resolved": "4.5.0",
        "contentHash": "WG3r7EyjUe9CMPFSs6bty5doUqT+q9pbI80hlNzo2SkPkZ4VTuZkGWjpp77JB8+uaL4DFPRdBsAY+DX3dBK92A=="
      },
      "System.Threading.Tasks.Extensions": {
        "type": "Transitive",
        "resolved": "4.5.4",
        "contentHash": "zteT+G8xuGu6mS+mzDzYXbzS7rd3K6Fjb9RiZlYlJPam2/hU7JCBZBVEcywNuR+oZ1ncTvc/cq0faRr3P01OVg=="
      }
    }
  }
}
